
Microsoft Visual Studio Solution File, Format Version 12.00
# Visual Studio Version 17
VisualStudioVersion = 17.0.31903.59
MinimumVisualStudioVersion = 10.0.40219.1
Project("{FAE04EC0-301F-11D3-BF4B-00C04F79EFBC}") = "WhisperAPI", "WhisperAPI\WhisperAPI.csproj", "{41508264-2526-4AAC-B27F-90A91FC7981C}"
EndProject
Project("{FAE04EC0-301F-11D3-BF4B-00C04F79EFBC}") = "WhisperConsole", "WhisperConsole\WhisperConsole.csproj", "{CA82DDB6-E065-4A82-82B2-E881AC4DBF75}"
EndProject
Project("{FAE04EC0-301F-11D3-BF4B-00C04F79EFBC}") = "OfficialConsole", "OfficialConsole\OfficialConsole.csproj", "{2222017B-1ECB-4E15-8382-F3C61DBEC06F}"
EndProject
Global
	GlobalSection(SolutionConfigurationPlatforms) = preSolution
		Debug|Any CPU = Debug|Any CPU
		Debug|x64 = Debug|x64
		Debug|x86 = Debug|x86
		Release|Any CPU = Release|Any CPU
		Release|x64 = Release|x64
		Release|x86 = Release|x86
	EndGlobalSection
	GlobalSection(ProjectConfigurationPlatforms) = postSolution
		{41508264-2526-4AAC-B27F-90A91FC7981C}.Debug|Any CPU.ActiveCfg = Debug|Any CPU
		{41508264-2526-4AAC-B27F-90A91FC7981C}.Debug|Any CPU.Build.0 = Debug|Any CPU
		{41508264-2526-4AAC-B27F-90A91FC7981C}.Debug|x64.ActiveCfg = Debug|Any CPU
		{41508264-2526-4AAC-B27F-90A91FC7981C}.Debug|x64.Build.0 = Debug|Any CPU
		{41508264-2526-4AAC-B27F-90A91FC7981C}.Debug|x86.ActiveCfg = Debug|Any CPU
		{41508264-2526-4AAC-B27F-90A91FC7981C}.Debug|x86.Build.0 = Debug|Any CPU
		{41508264-2526-4AAC-B27F-90A91FC7981C}.Release|Any CPU.ActiveCfg = Release|Any CPU
		{41508264-2526-4AAC-B27F-90A91FC7981C}.Release|Any CPU.Build.0 = Release|Any CPU
		{41508264-2526-4AAC-B27F-90A91FC7981C}.Release|x64.ActiveCfg = Release|Any CPU
		{41508264-2526-4AAC-B27F-90A91FC7981C}.Release|x64.Build.0 = Release|Any CPU
		{41508264-2526-4AAC-B27F-90A91FC7981C}.Release|x86.ActiveCfg = Release|Any CPU
		{41508264-2526-4AAC-B27F-90A91FC7981C}.Release|x86.Build.0 = Release|Any CPU
		{CA82DDB6-E065-4A82-82B2-E881AC4DBF75}.Debug|Any CPU.ActiveCfg = Debug|Any CPU
		{CA82DDB6-E065-4A82-82B2-E881AC4DBF75}.Debug|Any CPU.Build.0 = Debug|Any CPU
		{CA82DDB6-E065-4A82-82B2-E881AC4DBF75}.Debug|x64.ActiveCfg = Debug|Any CPU
		{CA82DDB6-E065-4A82-82B2-E881AC4DBF75}.Debug|x64.Build.0 = Debug|Any CPU
		{CA82DDB6-E065-4A82-82B2-E881AC4DBF75}.Debug|x86.ActiveCfg = Debug|Any CPU
		{CA82DDB6-E065-4A82-82B2-E881AC4DBF75}.Debug|x86.Build.0 = Debug|Any CPU
		{CA82DDB6-E065-4A82-82B2-E881AC4DBF75}.Release|Any CPU.ActiveCfg = Release|Any CPU
		{CA82DDB6-E065-4A82-82B2-E881AC4DBF75}.Release|Any CPU.Build.0 = Release|Any CPU
		{CA82DDB6-E065-4A82-82B2-E881AC4DBF75}.Release|x64.ActiveCfg = Release|Any CPU
		{CA82DDB6-E065-4A82-82B2-E881AC4DBF75}.Release|x64.Build.0 = Release|Any CPU
		{CA82DDB6-E065-4A82-82B2-E881AC4DBF75}.Release|x86.ActiveCfg = Release|Any CPU
		{CA82DDB6-E065-4A82-82B2-E881AC4DBF75}.Release|x86.Build.0 = Release|Any CPU
		{2222017B-1ECB-4E15-8382-F3C61DBEC06F}.Debug|Any CPU.ActiveCfg = Debug|Any CPU
		{2222017B-1ECB-4E15-8382-F3C61DBEC06F}.Debug|Any CPU.Build.0 = Debug|Any CPU
		{2222017B-1ECB-4E15-8382-F3C61DBEC06F}.Debug|x64.ActiveCfg = Debug|Any CPU
		{2222017B-1ECB-4E15-8382-F3C61DBEC06F}.Debug|x64.Build.0 = Debug|Any CPU
		{2222017B-1ECB-4E15-8382-F3C61DBEC06F}.Debug|x86.ActiveCfg = Debug|Any CPU
		{2222017B-1ECB-4E15-8382-F3C61DBEC06F}.Debug|x86.Build.0 = Debug|Any CPU
		{2222017B-1ECB-4E15-8382-F3C61DBEC06F}.Release|Any CPU.ActiveCfg = Release|Any CPU
		{2222017B-1ECB-4E15-8382-F3C61DBEC06F}.Release|Any CPU.Build.0 = Release|Any CPU
		{2222017B-1ECB-4E15-8382-F3C61DBEC06F}.Release|x64.ActiveCfg = Release|Any CPU
		{2222017B-1ECB-4E15-8382-F3C61DBEC06F}.Release|x64.Build.0 = Release|Any CPU
		{2222017B-1ECB-4E15-8382-F3C61DBEC06F}.Release|x86.ActiveCfg = Release|Any CPU
		{2222017B-1ECB-4E15-8382-F3C61DBEC06F}.Release|x86.Build.0 = Release|Any CPU
	EndGlobalSection
	GlobalSection(SolutionProperties) = preSolution
		HideSolutionNode = FALSE
	EndGlobalSection
EndGlobal
